
Microsoft Visual Studio Solution File, Format Version 12.00
# Visual Studio 15
VisualStudioVersion = 15.0.28010.2016
MinimumVisualStudioVersion = 10.0.40219.1
Project("{2150E333-8FDC-42A3-9474-1A3956D46DE8}") = "CoreList", "CoreList", "{388D3BBB-DFC4-46FF-AF5E-73C4DF0AAC5A}"
EndProject
Project("{8BC9CEB8-8B4A-11D0-8D11-00A0C91BC942}") = "Hello Triangle", "Hello Triangle\Hello Triangle.vcxproj", "{0A3D143C-EE7A-4B10-BB89-29EE6ED1509C}"
EndProject
Project("{8BC9CEB8-8B4A-11D0-8D11-00A0C91BC942}") = "Shaders", "Shaders\Shaders.vcxproj", "{556344D2-890B-47D3-88F8-368E7DE08F4E}"
EndProject
Project("{8BC9CEB8-8B4A-11D0-8D11-00A0C91BC942}") = "Textures", "Textures\Textures.vcxproj", "{808C0A63-4BC5-4E51-9287-E43BB875228D}"
EndProject
Project("{8BC9CEB8-8B4A-11D0-8D11-00A0C91BC942}") = "Coordinate Systems", "Coordinate Systems\Coordinate Systems.vcxproj", "{B2908721-BC21-4926-88EF-17855A5CD3B4}"
EndProject
Project("{8BC9CEB8-8B4A-11D0-8D11-00A0C91BC942}") = "Camera", "Camera\Camera.vcxproj", "{F978E220-A0A0-4865-9FA9-6A013356A9BB}"
EndProject
Project("{8BC9CEB8-8B4A-11D0-8D11-00A0C91BC942}") = "Lighting", "Lighting\Lighting.vcxproj", "{E7A0EE35-7AA0-45DD-B8D3-444658F7CD2F}"
EndProject
Project("{8BC9CEB8-8B4A-11D0-8D11-00A0C91BC942}") = "Text_Rendering", "Text_Rendering\Text_Rendering.vcxproj", "{07822821-9716-4AB9-B069-E309B3FFA2F0}"
EndProject
Project("{8BC9CEB8-8B4A-11D0-8D11-00A0C91BC942}") = "PBR", "PBR\PBR.vcxproj", "{A0E902E9-0044-4DA5-9C8D-E0AE7E70981D}"
EndProject
Project("{8BC9CEB8-8B4A-11D0-8D11-00A0C91BC942}") = "PBR_Textures", "PBR_Textures\PBR_Textures.vcxproj", "{1AC82074-A2C4-4F3B-A1C1-E817166ED143}"
EndProject
Project("{8BC9CEB8-8B4A-11D0-8D11-00A0C91BC942}") = "IBL_Irradiance_Conversion", "IBL_Irradiance_Conversion\IBL_Irradiance_Conversion.vcxproj", "{6132711E-935E-4974-8D58-C29F0E6316E3}"
EndProject
Project("{8BC9CEB8-8B4A-11D0-8D11-00A0C91BC942}") = "IBL_Irradiance", "IBL_Irradiance\IBL_Irradiance.vcxproj", "{DDC2A8A5-FACC-45B0-B65A-947C926226D3}"
EndProject
Project("{8BC9CEB8-8B4A-11D0-8D11-00A0C91BC942}") = "IBL_Specular", "IBL_Specular\IBL_Specular.vcxproj", "{794A4E72-F7C5-4B89-8EDF-4B5D35100F94}"
EndProject
Global
	GlobalSection(SolutionConfigurationPlatforms) = preSolution
		Debug|x64 = Debug|x64
		Debug|x86 = Debug|x86
		Release|x64 = Release|x64
		Release|x86 = Release|x86
	EndGlobalSection
	GlobalSection(ProjectConfigurationPlatforms) = postSolution
		{0A3D143C-EE7A-4B10-BB89-29EE6ED1509C}.Debug|x64.ActiveCfg = Debug|x64
		{0A3D143C-EE7A-4B10-BB89-29EE6ED1509C}.Debug|x64.Build.0 = Debug|x64
		{0A3D143C-EE7A-4B10-BB89-29EE6ED1509C}.Debug|x86.ActiveCfg = Debug|Win32
		{0A3D143C-EE7A-4B10-BB89-29EE6ED1509C}.Debug|x86.Build.0 = Debug|Win32
		{0A3D143C-EE7A-4B10-BB89-29EE6ED1509C}.Release|x64.ActiveCfg = Release|x64
		{0A3D143C-EE7A-4B10-BB89-29EE6ED1509C}.Release|x64.Build.0 = Release|x64
		{0A3D143C-EE7A-4B10-BB89-29EE6ED1509C}.Release|x86.ActiveCfg = Release|Win32
		{0A3D143C-EE7A-4B10-BB89-29EE6ED1509C}.Release|x86.Build.0 = Release|Win32
		{556344D2-890B-47D3-88F8-368E7DE08F4E}.Debug|x64.ActiveCfg = Debug|x64
		{556344D2-890B-47D3-88F8-368E7DE08F4E}.Debug|x64.Build.0 = Debug|x64
		{556344D2-890B-47D3-88F8-368E7DE08F4E}.Debug|x86.ActiveCfg = Debug|Win32
		{556344D2-890B-47D3-88F8-368E7DE08F4E}.Debug|x86.Build.0 = Debug|Win32
		{556344D2-890B-47D3-88F8-368E7DE08F4E}.Release|x64.ActiveCfg = Release|x64
		{556344D2-890B-47D3-88F8-368E7DE08F4E}.Release|x64.Build.0 = Release|x64
		{556344D2-890B-47D3-88F8-368E7DE08F4E}.Release|x86.ActiveCfg = Release|Win32
		{556344D2-890B-47D3-88F8-368E7DE08F4E}.Release|x86.Build.0 = Release|Win32
		{808C0A63-4BC5-4E51-9287-E43BB875228D}.Debug|x64.ActiveCfg = Debug|x64
		{808C0A63-4BC5-4E51-9287-E43BB875228D}.Debug|x64.Build.0 = Debug|x64
		{808C0A63-4BC5-4E51-9287-E43BB875228D}.Debug|x86.ActiveCfg = Debug|Win32
		{808C0A63-4BC5-4E51-9287-E43BB875228D}.Debug|x86.Build.0 = Debug|Win32
		{808C0A63-4BC5-4E51-9287-E43BB875228D}.Release|x64.ActiveCfg = Release|x64
		{808C0A63-4BC5-4E51-9287-E43BB875228D}.Release|x64.Build.0 = Release|x64
		{808C0A63-4BC5-4E51-9287-E43BB875228D}.Release|x86.ActiveCfg = Release|Win32
		{808C0A63-4BC5-4E51-9287-E43BB875228D}.Release|x86.Build.0 = Release|Win32
		{B2908721-BC21-4926-88EF-17855A5CD3B4}.Debug|x64.ActiveCfg = Debug|x64
		{B2908721-BC21-4926-88EF-17855A5CD3B4}.Debug|x64.Build.0 = Debug|x64
		{B2908721-BC21-4926-88EF-17855A5CD3B4}.Debug|x86.ActiveCfg = Debug|Win32
		{B2908721-BC21-4926-88EF-17855A5CD3B4}.Debug|x86.Build.0 = Debug|Win32
		{B2908721-BC21-4926-88EF-17855A5CD3B4}.Release|x64.ActiveCfg = Release|x64
		{B2908721-BC21-4926-88EF-17855A5CD3B4}.Release|x64.Build.0 = Release|x64
		{B2908721-BC21-4926-88EF-17855A5CD3B4}.Release|x86.ActiveCfg = Release|Win32
		{B2908721-BC21-4926-88EF-17855A5CD3B4}.Release|x86.Build.0 = Release|Win32
		{F978E220-A0A0-4865-9FA9-6A013356A9BB}.Debug|x64.ActiveCfg = Debug|x64
		{F978E220-A0A0-4865-9FA9-6A013356A9BB}.Debug|x64.Build.0 = Debug|x64
		{F978E220-A0A0-4865-9FA9-6A013356A9BB}.Debug|x86.ActiveCfg = Debug|Win32
		{F978E220-A0A0-4865-9FA9-6A013356A9BB}.Debug|x86.Build.0 = Debug|Win32
		{F978E220-A0A0-4865-9FA9-6A013356A9BB}.Release|x64.ActiveCfg = Release|x64
		{F978E220-A0A0-4865-9FA9-6A013356A9BB}.Release|x64.Build.0 = Release|x64
		{F978E220-A0A0-4865-9FA9-6A013356A9BB}.Release|x86.ActiveCfg = Release|Win32
		{F978E220-A0A0-4865-9FA9-6A013356A9BB}.Release|x86.Build.0 = Release|Win32
		{E7A0EE35-7AA0-45DD-B8D3-444658F7CD2F}.Debug|x64.ActiveCfg = Debug|x64
		{E7A0EE35-7AA0-45DD-B8D3-444658F7CD2F}.Debug|x64.Build.0 = Debug|x64
		{E7A0EE35-7AA0-45DD-B8D3-444658F7CD2F}.Debug|x86.ActiveCfg = Debug|Win32
		{E7A0EE35-7AA0-45DD-B8D3-444658F7CD2F}.Debug|x86.Build.0 = Debug|Win32
		{E7A0EE35-7AA0-45DD-B8D3-444658F7CD2F}.Release|x64.ActiveCfg = Release|x64
		{E7A0EE35-7AA0-45DD-B8D3-444658F7CD2F}.Release|x64.Build.0 = Release|x64
		{E7A0EE35-7AA0-45DD-B8D3-444658F7CD2F}.Release|x86.ActiveCfg = Release|Win32
		{E7A0EE35-7AA0-45DD-B8D3-444658F7CD2F}.Release|x86.Build.0 = Release|Win32
		{07822821-9716-4AB9-B069-E309B3FFA2F0}.Debug|x64.ActiveCfg = Debug|x64
		{07822821-9716-4AB9-B069-E309B3FFA2F0}.Debug|x64.Build.0 = Debug|x64
		{07822821-9716-4AB9-B069-E309B3FFA2F0}.Debug|x86.ActiveCfg = Debug|Win32
		{07822821-9716-4AB9-B069-E309B3FFA2F0}.Debug|x86.Build.0 = Debug|Win32
		{07822821-9716-4AB9-B069-E309B3FFA2F0}.Release|x64.ActiveCfg = Release|x64
		{07822821-9716-4AB9-B069-E309B3FFA2F0}.Release|x64.Build.0 = Release|x64
		{07822821-9716-4AB9-B069-E309B3FFA2F0}.Release|x86.ActiveCfg = Release|Win32
		{07822821-9716-4AB9-B069-E309B3FFA2F0}.Release|x86.Build.0 = Release|Win32
		{A0E902E9-0044-4DA5-9C8D-E0AE7E70981D}.Debug|x64.ActiveCfg = Debug|x64
		{A0E902E9-0044-4DA5-9C8D-E0AE7E70981D}.Debug|x64.Build.0 = Debug|x64
		{A0E902E9-0044-4DA5-9C8D-E0AE7E70981D}.Debug|x86.ActiveCfg = Debug|Win32
		{A0E902E9-0044-4DA5-9C8D-E0AE7E70981D}.Debug|x86.Build.0 = Debug|Win32
		{A0E902E9-0044-4DA5-9C8D-E0AE7E70981D}.Release|x64.ActiveCfg = Release|x64
		{A0E902E9-0044-4DA5-9C8D-E0AE7E70981D}.Release|x64.Build.0 = Release|x64
		{A0E902E9-0044-4DA5-9C8D-E0AE7E70981D}.Release|x86.ActiveCfg = Release|Win32
		{A0E902E9-0044-4DA5-9C8D-E0AE7E70981D}.Release|x86.Build.0 = Release|Win32
		{1AC82074-A2C4-4F3B-A1C1-E817166ED143}.Debug|x64.ActiveCfg = Debug|x64
		{1AC82074-A2C4-4F3B-A1C1-E817166ED143}.Debug|x64.Build.0 = Debug|x64
		{1AC82074-A2C4-4F3B-A1C1-E817166ED143}.Debug|x86.ActiveCfg = Debug|Win32
		{1AC82074-A2C4-4F3B-A1C1-E817166ED143}.Debug|x86.Build.0 = Debug|Win32
		{1AC82074-A2C4-4F3B-A1C1-E817166ED143}.Release|x64.ActiveCfg = Release|x64
		{1AC82074-A2C4-4F3B-A1C1-E817166ED143}.Release|x64.Build.0 = Release|x64
		{1AC82074-A2C4-4F3B-A1C1-E817166ED143}.Release|x86.ActiveCfg = Release|Win32
		{1AC82074-A2C4-4F3B-A1C1-E817166ED143}.Release|x86.Build.0 = Release|Win32
		{6132711E-935E-4974-8D58-C29F0E6316E3}.Debug|x64.ActiveCfg = Debug|x64
		{6132711E-935E-4974-8D58-C29F0E6316E3}.Debug|x64.Build.0 = Debug|x64
		{6132711E-935E-4974-8D58-C29F0E6316E3}.Debug|x86.ActiveCfg = Debug|Win32
		{6132711E-935E-4974-8D58-C29F0E6316E3}.Debug|x86.Build.0 = Debug|Win32
		{6132711E-935E-4974-8D58-C29F0E6316E3}.Release|x64.ActiveCfg = Release|x64
		{6132711E-935E-4974-8D58-C29F0E6316E3}.Release|x64.Build.0 = Release|x64
		{6132711E-935E-4974-8D58-C29F0E6316E3}.Release|x86.ActiveCfg = Release|Win32
		{6132711E-935E-4974-8D58-C29F0E6316E3}.Release|x86.Build.0 = Release|Win32
		{DDC2A8A5-FACC-45B0-B65A-947C926226D3}.Debug|x64.ActiveCfg = Debug|x64
		{DDC2A8A5-FACC-45B0-B65A-947C926226D3}.Debug|x64.Build.0 = Debug|x64
		{DDC2A8A5-FACC-45B0-B65A-947C926226D3}.Debug|x86.ActiveCfg = Debug|Win32
		{DDC2A8A5-FACC-45B0-B65A-947C926226D3}.Debug|x86.Build.0 = Debug|Win32
		{DDC2A8A5-FACC-45B0-B65A-947C926226D3}.Release|x64.ActiveCfg = Release|x64
		{DDC2A8A5-FACC-45B0-B65A-947C926226D3}.Release|x64.Build.0 = Release|x64
		{DDC2A8A5-FACC-45B0-B65A-947C926226D3}.Release|x86.ActiveCfg = Release|Win32
		{DDC2A8A5-FACC-45B0-B65A-947C926226D3}.Release|x86.Build.0 = Release|Win32
		{794A4E72-F7C5-4B89-8EDF-4B5D35100F94}.Debug|x64.ActiveCfg = Debug|x64
		{794A4E72-F7C5-4B89-8EDF-4B5D35100F94}.Debug|x64.Build.0 = Debug|x64
		{794A4E72-F7C5-4B89-8EDF-4B5D35100F94}.Debug|x86.ActiveCfg = Debug|Win32
		{794A4E72-F7C5-4B89-8EDF-4B5D35100F94}.Debug|x86.Build.0 = Debug|Win32
		{794A4E72-F7C5-4B89-8EDF-4B5D35100F94}.Release|x64.ActiveCfg = Release|x64
		{794A4E72-F7C5-4B89-8EDF-4B5D35100F94}.Release|x64.Build.0 = Release|x64
		{794A4E72-F7C5-4B89-8EDF-4B5D35100F94}.Release|x86.ActiveCfg = Release|Win32
		{794A4E72-F7C5-4B89-8EDF-4B5D35100F94}.Release|x86.Build.0 = Release|Win32
	EndGlobalSection
	GlobalSection(SolutionProperties) = preSolution
		HideSolutionNode = FALSE
	EndGlobalSection
	GlobalSection(NestedProjects) = preSolution
		{0A3D143C-EE7A-4B10-BB89-29EE6ED1509C} = {388D3BBB-DFC4-46FF-AF5E-73C4DF0AAC5A}
		{556344D2-890B-47D3-88F8-368E7DE08F4E} = {388D3BBB-DFC4-46FF-AF5E-73C4DF0AAC5A}
		{808C0A63-4BC5-4E51-9287-E43BB875228D} = {388D3BBB-DFC4-46FF-AF5E-73C4DF0AAC5A}
		{B2908721-BC21-4926-88EF-17855A5CD3B4} = {388D3BBB-DFC4-46FF-AF5E-73C4DF0AAC5A}
		{F978E220-A0A0-4865-9FA9-6A013356A9BB} = {388D3BBB-DFC4-46FF-AF5E-73C4DF0AAC5A}
		{E7A0EE35-7AA0-45DD-B8D3-444658F7CD2F} = {388D3BBB-DFC4-46FF-AF5E-73C4DF0AAC5A}
		{07822821-9716-4AB9-B069-E309B3FFA2F0} = {388D3BBB-DFC4-46FF-AF5E-73C4DF0AAC5A}
		{A0E902E9-0044-4DA5-9C8D-E0AE7E70981D} = {388D3BBB-DFC4-46FF-AF5E-73C4DF0AAC5A}
		{1AC82074-A2C4-4F3B-A1C1-E817166ED143} = {388D3BBB-DFC4-46FF-AF5E-73C4DF0AAC5A}
		{6132711E-935E-4974-8D58-C29F0E6316E3} = {388D3BBB-DFC4-46FF-AF5E-73C4DF0AAC5A}
		{DDC2A8A5-FACC-45B0-B65A-947C926226D3} = {388D3BBB-DFC4-46FF-AF5E-73C4DF0AAC5A}
		{794A4E72-F7C5-4B89-8EDF-4B5D35100F94} = {388D3BBB-DFC4-46FF-AF5E-73C4DF0AAC5A}
	EndGlobalSection
	GlobalSection(ExtensibilityGlobals) = postSolution
		SolutionGuid = {6B198A1C-70C5-4ADB-A503-1A2381AA6922}
	EndGlobalSection
EndGlobal
